
Microsoft Visual Studio Solution File, Format Version 12.00
# Visual Studio Version 17
VisualStudioVersion = 17.5.002.0
MinimumVisualStudioVersion = 10.0.40219.1
Project("{9A19103F-16F7-4668-BE54-9A1E7A4F7556}") = "_build", "build\_build.csproj", "{2E013C7B-14CD-4FE8-9547-ADDE8CC4B911}"
EndProject
Global
	GlobalSection(SolutionConfigurationPlatforms) = preSolution
		Debug|Any CPU = Debug|Any CPU
		Release|Any CPU = Release|Any CPU
	EndGlobalSection
	GlobalSection(ProjectConfigurationPlatforms) = postSolution
		{2E013C7B-14CD-4FE8-9547-ADDE8CC4B911}.Debug|Any CPU.ActiveCfg = Debug|Any CPU
		{2E013C7B-14CD-4FE8-9547-ADDE8CC4B911}.Debug|Any CPU.Build.0 = Debug|Any CPU
		{2E013C7B-14CD-4FE8-9547-ADDE8CC4B911}.Release|Any CPU.ActiveCfg = Release|Any CPU
		{2E013C7B-14CD-4FE8-9547-ADDE8CC4B911}.Release|Any CPU.Build.0 = Release|Any CPU
	EndGlobalSection
	GlobalSection(SolutionProperties) = preSolution
		HideSolutionNode = FALSE
	EndGlobalSection
	GlobalSection(ExtensibilityGlobals) = postSolution
		SolutionGuid = {5BE607F3-EB83-437F-9C0C-856016AF628A}
	EndGlobalSection
EndGlobal
